
Microsoft Visual Studio Solution File, Format Version 12.00
# Visual Studio Version 16
VisualStudioVersion = 16.0.30413.136
MinimumVisualStudioVersion = 10.0.40219.1
Project("{9A19103F-16F7-4668-BE54-9A1E7A4F7556}") = "MarshmallowAvalanche", "MarshmallowAvalanche.csproj", "{311EBC94-C004-40C1-ADD4-33917A06B844}"
EndProject
Project("{9A19103F-16F7-4668-BE54-9A1E7A4F7556}") = "Nez", "..\NezFramework\Nez.Portable\Nez.csproj", "{ED69064A-90B3-4E0B-81E1-DB162701AB43}"
EndProject
Global
	GlobalSection(SolutionConfigurationPlatforms) = preSolution
		Debug|Any CPU = Debug|Any CPU
		Release|Any CPU = Release|Any CPU
	EndGlobalSection
	GlobalSection(ProjectConfigurationPlatforms) = postSolution
		{311EBC94-C004-40C1-ADD4-33917A06B844}.Debug|Any CPU.ActiveCfg = Debug|Any CPU
		{311EBC94-C004-40C1-ADD4-33917A06B844}.Debug|Any CPU.Build.0 = Debug|Any CPU
		{311EBC94-C004-40C1-ADD4-33917A06B844}.Release|Any CPU.ActiveCfg = Release|Any CPU
		{311EBC94-C004-40C1-ADD4-33917A06B844}.Release|Any CPU.Build.0 = Release|Any CPU
		{ED69064A-90B3-4E0B-81E1-DB162701AB43}.Debug|Any CPU.ActiveCfg = Debug|Any CPU
		{ED69064A-90B3-4E0B-81E1-DB162701AB43}.Debug|Any CPU.Build.0 = Debug|Any CPU
		{ED69064A-90B3-4E0B-81E1-DB162701AB43}.Release|Any CPU.ActiveCfg = Release|Any CPU
		{ED69064A-90B3-4E0B-81E1-DB162701AB43}.Release|Any CPU.Build.0 = Release|Any CPU
	EndGlobalSection
	GlobalSection(SolutionProperties) = preSolution
		HideSolutionNode = FALSE
	EndGlobalSection
	GlobalSection(ExtensibilityGlobals) = postSolution
		SolutionGuid = {542A7811-9487-4513-8FB9-C81D2B19DF24}
	EndGlobalSection
EndGlobal
